
Microsoft Visual Studio Solution File, Format Version 12.00
# Visual Studio 15
VisualStudioVersion = 15.0.27428.2027
MinimumVisualStudioVersion = 10.0.40219.1
Project("{FAE04EC0-301F-11D3-BF4B-00C04F79EFBC}") = "resumeAR", "resumeAR\resumeAR.csproj", "{CE8BD84A-7CA6-4A6F-AB4E-DEAD950F74DF}"
EndProject
Global
	GlobalSection(SolutionConfigurationPlatforms) = preSolution
		Debug|Any CPU = Debug|Any CPU
		Release|Any CPU = Release|Any CPU
	EndGlobalSection
	GlobalSection(ProjectConfigurationPlatforms) = postSolution
		{CE8BD84A-7CA6-4A6F-AB4E-DEAD950F74DF}.Debug|Any CPU.ActiveCfg = Debug|Any CPU
		{CE8BD84A-7CA6-4A6F-AB4E-DEAD950F74DF}.Debug|Any CPU.Build.0 = Debug|Any CPU
		{CE8BD84A-7CA6-4A6F-AB4E-DEAD950F74DF}.Release|Any CPU.ActiveCfg = Release|Any CPU
		{CE8BD84A-7CA6-4A6F-AB4E-DEAD950F74DF}.Release|Any CPU.Build.0 = Release|Any CPU
	EndGlobalSection
	GlobalSection(SolutionProperties) = preSolution
		HideSolutionNode = FALSE
	EndGlobalSection
	GlobalSection(ExtensibilityGlobals) = postSolution
		SolutionGuid = {B169E391-F00B-42A0-8F54-25ABD8B24975}
	EndGlobalSection
EndGlobal
